
Microsoft Visual Studio Solution File, Format Version 12.00
# Visual Studio Version 16
VisualStudioVersion = 16.0.29009.5
MinimumVisualStudioVersion = 10.0.40219.1
Project("{FAE04EC0-301F-11D3-BF4B-00C04F79EFBC}") = "5-year-frac2dec", "5-year-frac2dec\5-year-frac2dec.csproj", "{D0EE952A-B1DE-43DC-864C-7DC8F2175B37}"
EndProject
Global
	GlobalSection(SolutionConfigurationPlatforms) = preSolution
		Debug|Any CPU = Debug|Any CPU
		Release|Any CPU = Release|Any CPU
	EndGlobalSection
	GlobalSection(ProjectConfigurationPlatforms) = postSolution
		{D0EE952A-B1DE-43DC-864C-7DC8F2175B37}.Debug|Any CPU.ActiveCfg = Debug|Any CPU
		{D0EE952A-B1DE-43DC-864C-7DC8F2175B37}.Debug|Any CPU.Build.0 = Debug|Any CPU
		{D0EE952A-B1DE-43DC-864C-7DC8F2175B37}.Release|Any CPU.ActiveCfg = Release|Any CPU
		{D0EE952A-B1DE-43DC-864C-7DC8F2175B37}.Release|Any CPU.Build.0 = Release|Any CPU
	EndGlobalSection
	GlobalSection(SolutionProperties) = preSolution
		HideSolutionNode = FALSE
	EndGlobalSection
	GlobalSection(ExtensibilityGlobals) = postSolution
		SolutionGuid = {1BE8A4E7-A955-4397-A038-FB28F03F7FA0}
	EndGlobalSection
EndGlobal
